
Microsoft Visual Studio Solution File, Format Version 12.00
# Visual Studio Version 17
VisualStudioVersion = 17.2.32516.85
MinimumVisualStudioVersion = 10.0.40219.1
Project("{FAE04EC0-301F-11D3-BF4B-00C04F79EFBC}") = "Task 3", "Task 3\Task 3.csproj", "{13F102B7-02F1-4EBA-A601-92A27247C74F}"
EndProject
Global
	GlobalSection(SolutionConfigurationPlatforms) = preSolution
		Debug|Any CPU = Debug|Any CPU
		Release|Any CPU = Release|Any CPU
	EndGlobalSection
	GlobalSection(ProjectConfigurationPlatforms) = postSolution
		{13F102B7-02F1-4EBA-A601-92A27247C74F}.Debug|Any CPU.ActiveCfg = Debug|Any CPU
		{13F102B7-02F1-4EBA-A601-92A27247C74F}.Debug|Any CPU.Build.0 = Debug|Any CPU
		{13F102B7-02F1-4EBA-A601-92A27247C74F}.Release|Any CPU.ActiveCfg = Release|Any CPU
		{13F102B7-02F1-4EBA-A601-92A27247C74F}.Release|Any CPU.Build.0 = Release|Any CPU
	EndGlobalSection
	GlobalSection(SolutionProperties) = preSolution
		HideSolutionNode = FALSE
	EndGlobalSection
	GlobalSection(ExtensibilityGlobals) = postSolution
		SolutionGuid = {8BCDAE45-E7E8-4840-9E4C-67F0A3EC1EBF}
	EndGlobalSection
EndGlobal
