
Microsoft Visual Studio Solution File, Format Version 12.00
# Visual Studio Version 17
VisualStudioVersion = 17.2.32516.85
MinimumVisualStudioVersion = 10.0.40219.1
Project("{FAE04EC0-301F-11D3-BF4B-00C04F79EFBC}") = "Task 6 Problem 2", "Task 6 Problem 2\Task 6 Problem 2.csproj", "{ECAC91EC-DF69-4127-B6C5-8AD11FA03EAE}"
EndProject
Global
	GlobalSection(SolutionConfigurationPlatforms) = preSolution
		Debug|Any CPU = Debug|Any CPU
		Release|Any CPU = Release|Any CPU
	EndGlobalSection
	GlobalSection(ProjectConfigurationPlatforms) = postSolution
		{ECAC91EC-DF69-4127-B6C5-8AD11FA03EAE}.Debug|Any CPU.ActiveCfg = Debug|Any CPU
		{ECAC91EC-DF69-4127-B6C5-8AD11FA03EAE}.Debug|Any CPU.Build.0 = Debug|Any CPU
		{ECAC91EC-DF69-4127-B6C5-8AD11FA03EAE}.Release|Any CPU.ActiveCfg = Release|Any CPU
		{ECAC91EC-DF69-4127-B6C5-8AD11FA03EAE}.Release|Any CPU.Build.0 = Release|Any CPU
	EndGlobalSection
	GlobalSection(SolutionProperties) = preSolution
		HideSolutionNode = FALSE
	EndGlobalSection
	GlobalSection(ExtensibilityGlobals) = postSolution
		SolutionGuid = {E525BD5C-F26D-49A6-A171-2609ECE7A51B}
	EndGlobalSection
EndGlobal
