
Microsoft Visual Studio Solution File, Format Version 12.00
# Visual Studio Version 17
VisualStudioVersion = 17.2.32516.85
MinimumVisualStudioVersion = 10.0.40219.1
Project("{FAE04EC0-301F-11D3-BF4B-00C04F79EFBC}") = "Task 1", "Task 1\Task 1.csproj", "{AC7D9FDB-4A92-400E-84C6-3C23A75B032C}"
EndProject
Global
	GlobalSection(SolutionConfigurationPlatforms) = preSolution
		Debug|Any CPU = Debug|Any CPU
		Release|Any CPU = Release|Any CPU
	EndGlobalSection
	GlobalSection(ProjectConfigurationPlatforms) = postSolution
		{AC7D9FDB-4A92-400E-84C6-3C23A75B032C}.Debug|Any CPU.ActiveCfg = Debug|Any CPU
		{AC7D9FDB-4A92-400E-84C6-3C23A75B032C}.Debug|Any CPU.Build.0 = Debug|Any CPU
		{AC7D9FDB-4A92-400E-84C6-3C23A75B032C}.Release|Any CPU.ActiveCfg = Release|Any CPU
		{AC7D9FDB-4A92-400E-84C6-3C23A75B032C}.Release|Any CPU.Build.0 = Release|Any CPU
	EndGlobalSection
	GlobalSection(SolutionProperties) = preSolution
		HideSolutionNode = FALSE
	EndGlobalSection
	GlobalSection(ExtensibilityGlobals) = postSolution
		SolutionGuid = {FD07D2FB-2361-4429-972B-B8EE17C9FA06}
	EndGlobalSection
EndGlobal
