
Microsoft Visual Studio Solution File, Format Version 12.00
# Visual Studio Version 17
VisualStudioVersion = 17.2.32516.85
MinimumVisualStudioVersion = 10.0.40219.1
Project("{FAE04EC0-301F-11D3-BF4B-00C04F79EFBC}") = "Task 7", "Task 7\Task 7.csproj", "{194E95D0-1940-4052-A3FC-2643022BAD05}"
EndProject
Global
	GlobalSection(SolutionConfigurationPlatforms) = preSolution
		Debug|Any CPU = Debug|Any CPU
		Release|Any CPU = Release|Any CPU
	EndGlobalSection
	GlobalSection(ProjectConfigurationPlatforms) = postSolution
		{194E95D0-1940-4052-A3FC-2643022BAD05}.Debug|Any CPU.ActiveCfg = Debug|Any CPU
		{194E95D0-1940-4052-A3FC-2643022BAD05}.Debug|Any CPU.Build.0 = Debug|Any CPU
		{194E95D0-1940-4052-A3FC-2643022BAD05}.Release|Any CPU.ActiveCfg = Release|Any CPU
		{194E95D0-1940-4052-A3FC-2643022BAD05}.Release|Any CPU.Build.0 = Release|Any CPU
	EndGlobalSection
	GlobalSection(SolutionProperties) = preSolution
		HideSolutionNode = FALSE
	EndGlobalSection
	GlobalSection(ExtensibilityGlobals) = postSolution
		SolutionGuid = {58566210-F045-4802-B68C-3B7C10DF2CB6}
	EndGlobalSection
EndGlobal
