
Microsoft Visual Studio Solution File, Format Version 12.00
# Visual Studio Version 17
VisualStudioVersion = 17.2.32516.85
MinimumVisualStudioVersion = 10.0.40219.1
Project("{FAE04EC0-301F-11D3-BF4B-00C04F79EFBC}") = "Task 2 Problem 2", "Task 2 Problem 2\Task 2 Problem 2.csproj", "{DD82F759-E24A-4227-938E-A3A63F22F68B}"
EndProject
Global
	GlobalSection(SolutionConfigurationPlatforms) = preSolution
		Debug|Any CPU = Debug|Any CPU
		Release|Any CPU = Release|Any CPU
	EndGlobalSection
	GlobalSection(ProjectConfigurationPlatforms) = postSolution
		{DD82F759-E24A-4227-938E-A3A63F22F68B}.Debug|Any CPU.ActiveCfg = Debug|Any CPU
		{DD82F759-E24A-4227-938E-A3A63F22F68B}.Debug|Any CPU.Build.0 = Debug|Any CPU
		{DD82F759-E24A-4227-938E-A3A63F22F68B}.Release|Any CPU.ActiveCfg = Release|Any CPU
		{DD82F759-E24A-4227-938E-A3A63F22F68B}.Release|Any CPU.Build.0 = Release|Any CPU
	EndGlobalSection
	GlobalSection(SolutionProperties) = preSolution
		HideSolutionNode = FALSE
	EndGlobalSection
	GlobalSection(ExtensibilityGlobals) = postSolution
		SolutionGuid = {39643608-BFEF-45A6-A1BE-2E8E2263F7F3}
	EndGlobalSection
EndGlobal
